{
    "_readme": [
        "This file locks the dependencies of your project to a known state",
        "Read more about it at http://getcomposer.org/doc/01-basic-usage.md#composer-lock-the-lock-file"
    ],
    "hash": "17c24d2a10b59e82cb62d9cc0a407987",
    "packages": [
        {
            "name": "maniaplanet/manialib",
            "version": "dev-master",
            "source": {
                "type": "git",
                "url": "https://github.com/maniaplanet/manialib.git",
                "reference": "de13b05a2ac2dbc13e67e08603339d6897b1b330"
            },
            "dist": {
                "type": "zip",
                "url": "https://api.github.com/repos/maniaplanet/manialib/zipball/de13b05a2ac2dbc13e67e08603339d6897b1b330",
                "reference": "de13b05a2ac2dbc13e67e08603339d6897b1b330",
                "shasum": ""
            },
            "require": {
                "php": ">=5.3"
            },
            "type": "library",
            "autoload": {
                "classmap": [
                    "libraries/ManiaLib"
                ]
            },
            "notification-url": "https://packagist.org/downloads/",
            "license": [
                "LGPL-3.0"
            ],
            "authors": [
                {
                    "name": "NadeoLive",
                    "email": "livedev@nadeo.com",
                    "homepage": "http://www.nadeo.com/"
                }
            ],
            "description": "Library to query ManiaPlanet webservices (shootmania and trackmania 2)",
            "homepage": "https://github.com/maniaplanet/manialib",
            "keywords": [
                "ManiaPlanet",
                "ShootMania",
                "TrackMania"
            ],
            "time": "2014-02-10 13:33:52"
        }
    ],
    "packages-dev": [

    ],
    "aliases": [

    ],
    "minimum-stability": "dev",
    "stability-flags": {
        "maniaplanet/manialib": 20
    },
    "platform": {
        "php": ">=5.3"
    },
    "platform-dev": [

    ]
}
