{
    "_readme": [
        "This file locks the dependencies of your project to a known state",
        "Read more about it at http://getcomposer.org/doc/01-basic-usage.md#composer-lock-the-lock-file"
    ],
    "hash": "c268160ef0bd3c7f98e5239ea5e56f18",
    "packages": [
        {
            "name": "maniaplanet/dedicated-server-api",
            "version": "dev-master",
            "source": {
                "type": "git",
                "url": "https://github.com/maniaplanet/dedicated-server-api.git",
                "reference": "73f857cef30f8b177141f75dd44af5c10bb7c491"
            },
            "dist": {
                "type": "zip",
                "url": "https://api.github.com/repos/maniaplanet/dedicated-server-api/zipball/73f857cef30f8b177141f75dd44af5c10bb7c491",
                "reference": "73f857cef30f8b177141f75dd44af5c10bb7c491",
                "shasum": ""
            },
            "require": {
                "php": ">=5.3"
            },
            "type": "library",
            "autoload": {
                "psr-4": {
                    "Maniaplanet\\": "libraries/Maniaplanet"
                }
            },
            "notification-url": "https://packagist.org/downloads/",
            "license": [
                "LGPL-3.0"
            ],
            "authors": [
                {
                    "name": "NadeoLive",
                    "email": "livedev@nadeo.com",
                    "homepage": "http://www.nadeo.com/"
                }
            ],
            "description": "XML-RPC library to connect to ManiaPlanet server",
            "homepage": "https://github.com/maniaplanet/dedicated-server-api",
            "keywords": [
                "ManiaPlanet",
                "ShootMania",
                "TrackMania"
            ],
            "time": "2014-02-04 08:05:28"
        },
        {
            "name": "maniaplanet/manialib",
            "version": "dev-master",
            "source": {
                "type": "git",
                "url": "https://github.com/maniaplanet/manialib.git",
                "reference": "de13b05a2ac2dbc13e67e08603339d6897b1b330"
            },
            "dist": {
                "type": "zip",
                "url": "https://api.github.com/repos/maniaplanet/manialib/zipball/de13b05a2ac2dbc13e67e08603339d6897b1b330",
                "reference": "de13b05a2ac2dbc13e67e08603339d6897b1b330",
                "shasum": ""
            },
            "require": {
                "php": ">=5.3"
            },
            "type": "library",
            "autoload": {
                "classmap": [
                    "libraries/ManiaLib"
                ]
            },
            "notification-url": "https://packagist.org/downloads/",
            "license": [
                "LGPL-3.0"
            ],
            "authors": [
                {
                    "name": "NadeoLive",
                    "email": "livedev@nadeo.com",
                    "homepage": "http://www.nadeo.com/"
                }
            ],
            "description": "Library to query ManiaPlanet webservices (shootmania and trackmania 2)",
            "homepage": "https://github.com/maniaplanet/manialib",
            "keywords": [
                "ManiaPlanet",
                "ShootMania",
                "TrackMania"
            ],
            "time": "2014-02-10 13:33:52"
        }
    ],
    "packages-dev": [

    ],
    "aliases": [

    ],
    "minimum-stability": "dev",
    "stability-flags": {
        "maniaplanet/manialib": 20,
        "maniaplanet/dedicated-server-api": 20
    },
    "platform": {
        "php": ">=5.3"
    },
    "platform-dev": [

    ]
}
